
Microsoft Visual Studio Solution File, Format Version 12.00
# Visual Studio 15
VisualStudioVersion = 15.0.27703.2018
MinimumVisualStudioVersion = 10.0.40219.1
Project("{262852C6-CD72-467D-83FE-5EEB1973A190}") = "wsldl-AppX", "wsldl-AppX\wsldl-AppX.jsproj", "{D424F6BB-A05F-433A-BAD2-E23CEAD9E57F}"
EndProject
Global
	GlobalSection(SolutionConfigurationPlatforms) = preSolution
		Debug|Any CPU = Debug|Any CPU
		Debug|ARM = Debug|ARM
		Debug|x64 = Debug|x64
		Debug|x86 = Debug|x86
		Release|Any CPU = Release|Any CPU
		Release|ARM = Release|ARM
		Release|x64 = Release|x64
		Release|x86 = Release|x86
	EndGlobalSection
	GlobalSection(ProjectConfigurationPlatforms) = postSolution
		{D424F6BB-A05F-433A-BAD2-E23CEAD9E57F}.Debug|Any CPU.ActiveCfg = Debug|Any CPU
		{D424F6BB-A05F-433A-BAD2-E23CEAD9E57F}.Debug|Any CPU.Build.0 = Debug|Any CPU
		{D424F6BB-A05F-433A-BAD2-E23CEAD9E57F}.Debug|Any CPU.Deploy.0 = Debug|Any CPU
		{D424F6BB-A05F-433A-BAD2-E23CEAD9E57F}.Debug|ARM.ActiveCfg = Debug|ARM
		{D424F6BB-A05F-433A-BAD2-E23CEAD9E57F}.Debug|ARM.Build.0 = Debug|ARM
		{D424F6BB-A05F-433A-BAD2-E23CEAD9E57F}.Debug|ARM.Deploy.0 = Debug|ARM
		{D424F6BB-A05F-433A-BAD2-E23CEAD9E57F}.Debug|x64.ActiveCfg = Debug|x64
		{D424F6BB-A05F-433A-BAD2-E23CEAD9E57F}.Debug|x64.Build.0 = Debug|x64
		{D424F6BB-A05F-433A-BAD2-E23CEAD9E57F}.Debug|x64.Deploy.0 = Debug|x64
		{D424F6BB-A05F-433A-BAD2-E23CEAD9E57F}.Debug|x86.ActiveCfg = Debug|x86
		{D424F6BB-A05F-433A-BAD2-E23CEAD9E57F}.Debug|x86.Build.0 = Debug|x86
		{D424F6BB-A05F-433A-BAD2-E23CEAD9E57F}.Debug|x86.Deploy.0 = Debug|x86
		{D424F6BB-A05F-433A-BAD2-E23CEAD9E57F}.Release|Any CPU.ActiveCfg = Release|Any CPU
		{D424F6BB-A05F-433A-BAD2-E23CEAD9E57F}.Release|Any CPU.Build.0 = Release|Any CPU
		{D424F6BB-A05F-433A-BAD2-E23CEAD9E57F}.Release|Any CPU.Deploy.0 = Release|Any CPU
		{D424F6BB-A05F-433A-BAD2-E23CEAD9E57F}.Release|ARM.ActiveCfg = Release|ARM
		{D424F6BB-A05F-433A-BAD2-E23CEAD9E57F}.Release|ARM.Build.0 = Release|ARM
		{D424F6BB-A05F-433A-BAD2-E23CEAD9E57F}.Release|ARM.Deploy.0 = Release|ARM
		{D424F6BB-A05F-433A-BAD2-E23CEAD9E57F}.Release|x64.ActiveCfg = Release|x64
		{D424F6BB-A05F-433A-BAD2-E23CEAD9E57F}.Release|x64.Build.0 = Release|x64
		{D424F6BB-A05F-433A-BAD2-E23CEAD9E57F}.Release|x64.Deploy.0 = Release|x64
		{D424F6BB-A05F-433A-BAD2-E23CEAD9E57F}.Release|x86.ActiveCfg = Release|x86
		{D424F6BB-A05F-433A-BAD2-E23CEAD9E57F}.Release|x86.Build.0 = Release|x86
		{D424F6BB-A05F-433A-BAD2-E23CEAD9E57F}.Release|x86.Deploy.0 = Release|x86
	EndGlobalSection
	GlobalSection(SolutionProperties) = preSolution
		HideSolutionNode = FALSE
	EndGlobalSection
	GlobalSection(ExtensibilityGlobals) = postSolution
		SolutionGuid = {3EA9DB72-FC11-4D6F-96A2-1ACACF3CC859}
	EndGlobalSection
EndGlobal
